{"is_source_file": false, "format": null, "description": null, "external_files": [], "external_methods": [], "published": [], "classes": [], "methods": [], "calls": [], "search-terms": [], "state": 2, "file_id": 24, "knowledge_revision": 73, "git_revision": "b9392bca6d85ada1d9694401311ac53063fdcc71", "filename": "/home/kavia/workspace/code-generation/newsfusion-ai-102414-578b4a0e/newsfusion_ai/post_process_status.lock", "hash": "e9b4c3b42cef0193b7fddb548d37e652", "format-version": 4, "code-base-name": "default", "revision_history": [{"73": "b9392bca6d85ada1d9694401311ac53063fdcc71"}]}